// !$*UTF8*$!
{
	archiveVersion = 1;
	classes = {
	};
	objectVersion = 48;
	objects = {

/* Begin PBXBuildFile section */
		BC3200B23480937D01392C08 /* Pods_NavigationTest.framework in Frameworks */ = {isa = PBXBuildFile; fileRef = 1BAC526D68601F831888C77B /* Pods_NavigationTest.framework */; };
		FB2890B82090484900E5B984 /* AppDelegate.swift in Sources */ = {isa = PBXBuildFile; fileRef = FB2890B72090484900E5B984 /* AppDelegate.swift */; };
		FB2890BA2090484900E5B984 /* ViewController.swift in Sources */ = {isa = PBXBuildFile; fileRef = FB2890B92090484900E5B984 /* ViewController.swift */; };
		FB2890BD2090484900E5B984 /* Main.storyboard in Resources */ = {isa = PBXBuildFile; fileRef = FB2890BB2090484900E5B984 /* Main.storyboard */; };
		FB2890BF2090484900E5B984 /* Assets.xcassets in Resources */ = {isa = PBXBuildFile; fileRef = FB2890BE2090484900E5B984 /* Assets.xcassets */; };
		FB2890C22090484900E5B984 /* LaunchScreen.storyboard in Resources */ = {isa = PBXBuildFile; fileRef = FB2890C02090484900E5B984 /* LaunchScreen.storyboard */; };
		FB2890CA20904E0900E5B984 /* UsedItem.swift in Sources */ = {isa = PBXBuildFile; fileRef = FB2890C920904E0900E5B984 /* UsedItem.swift */; };
		FB2890CC2090509F00E5B984 /* ItemTableViewController.swift in Sources */ = {isa = PBXBuildFile; fileRef = FB2890CB2090509F00E5B984 /* ItemTableViewController.swift */; };
		FB2890CE2090537500E5B984 /* ItemDetailViewController.swift in Sources */ = {isa = PBXBuildFile; fileRef = FB2890CD2090537500E5B984 /* ItemDetailViewController.swift */; };
/* End PBXBuildFile section */

/* Begin PBXFileReference section */
		1BAC526D68601F831888C77B /* Pods_NavigationTest.framework */ = {isa = PBXFileReference; explicitFileType = wrapper.framework; includeInIndex = 0; path = Pods_NavigationTest.framework; sourceTree = BUILT_PRODUCTS_DIR; };
		B74594858C02DE979F1DFF5D /* Pods-NavigationTest.release.xcconfig */ = {isa = PBXFileReference; includeInIndex = 1; lastKnownFileType = text.xcconfig; name = "Pods-NavigationTest.release.xcconfig"; path = "Pods/Target Support Files/Pods-NavigationTest/Pods-NavigationTest.release.xcconfig"; sourceTree = "<group>"; };
		E78530EE2627BBA2D35B5DE3 /* Pods-NavigationTest.debug.xcconfig */ = {isa = PBXFileReference; includeInIndex = 1; lastKnownFileType = text.xcconfig; name = "Pods-NavigationTest.debug.xcconfig"; path = "Pods/Target Support Files/Pods-NavigationTest/Pods-NavigationTest.debug.xcconfig"; sourceTree = "<group>"; };
		FB2890B42090484900E5B984 /* NavigationTest.app */ = {isa = PBXFileReference; explicitFileType = wrapper.application; includeInIndex = 0; path = NavigationTest.app; sourceTree = BUILT_PRODUCTS_DIR; };
		FB2890B72090484900E5B984 /* AppDelegate.swift */ = {isa = PBXFileReference; lastKnownFileType = sourcecode.swift; path = AppDelegate.swift; sourceTree = "<group>"; };
		FB2890B92090484900E5B984 /* ViewController.swift */ = {isa = PBXFileReference; lastKnownFileType = sourcecode.swift; path = ViewController.swift; sourceTree = "<group>"; };
		FB2890BC2090484900E5B984 /* Base */ = {isa = PBXFileReference; lastKnownFileType = file.storyboard; name = Base; path = Base.lproj/Main.storyboard; sourceTree = "<group>"; };
		FB2890BE2090484900E5B984 /* Assets.xcassets */ = {isa = PBXFileReference; lastKnownFileType = folder.assetcatalog; path = Assets.xcassets; sourceTree = "<group>"; };
		FB2890C12090484900E5B984 /* Base */ = {isa = PBXFileReference; lastKnownFileType = file.storyboard; name = Base; path = Base.lproj/LaunchScreen.storyboard; sourceTree = "<group>"; };
		FB2890C32090484900E5B984 /* Info.plist */ = {isa = PBXFileReference; lastKnownFileType = text.plist.xml; path = Info.plist; sourceTree = "<group>"; };
		FB2890C920904E0900E5B984 /* UsedItem.swift */ = {isa = PBXFileReference; lastKnownFileType = sourcecode.swift; path = UsedItem.swift; sourceTree = "<group>"; };
		FB2890CB2090509F00E5B984 /* ItemTableViewController.swift */ = {isa = PBXFileReference; lastKnownFileType = sourcecode.swift; path = ItemTableViewController.swift; sourceTree = "<group>"; };
		FB2890CD2090537500E5B984 /* ItemDetailViewController.swift */ = {isa = PBXFileReference; lastKnownFileType = sourcecode.swift; path = ItemDetailViewController.swift; sourceTree = "<group>"; };
/* End PBXFileReference section */

/* Begin PBXFrameworksBuildPhase section */
		FB2890B12090484900E5B984 /* Frameworks */ = {
			isa = PBXFrameworksBuildPhase;
			buildActionMask = 2147483647;
			files = (
				BC3200B23480937D01392C08 /* Pods_NavigationTest.framework in Frameworks */,
			);
			runOnlyForDeploymentPostprocessing = 0;
		};
/* End PBXFrameworksBuildPhase section */

/* Begin PBXGroup section */
		52A37DCCF17B2C271C17BBA7 /* Frameworks */ = {
			isa = PBXGroup;
			children = (
				1BAC526D68601F831888C77B /* Pods_NavigationTest.framework */,
			);
			name = Frameworks;
			sourceTree = "<group>";
		};
		FB2890AB2090484900E5B984 = {
			isa = PBXGroup;
			children = (
				FB2890B62090484900E5B984 /* NavigationTest */,
				FB2890B52090484900E5B984 /* Products */,
				FD936EB09E469309E7BF079B /* Pods */,
				52A37DCCF17B2C271C17BBA7 /* Frameworks */,
			);
			sourceTree = "<group>";
		};
		FB2890B52090484900E5B984 /* Products */ = {
			isa = PBXGroup;
			children = (
				FB2890B42090484900E5B984 /* NavigationTest.app */,
			);
			name = Products;
			sourceTree = "<group>";
		};
		FB2890B62090484900E5B984 /* NavigationTest */ = {
			isa = PBXGroup;
			children = (
				FB2890B72090484900E5B984 /* AppDelegate.swift */,
				FB2890B92090484900E5B984 /* ViewController.swift */,
				FB2890BB2090484900E5B984 /* Main.storyboard */,
				FB2890C920904E0900E5B984 /* UsedItem.swift */,
				FB2890BE2090484900E5B984 /* Assets.xcassets */,
				FB2890C02090484900E5B984 /* LaunchScreen.storyboard */,
				FB2890C32090484900E5B984 /* Info.plist */,
				FB2890CB2090509F00E5B984 /* ItemTableViewController.swift */,
				FB2890CD2090537500E5B984 /* ItemDetailViewController.swift */,
			);
			path = NavigationTest;
			sourceTree = "<group>";
		};
		FD936EB09E469309E7BF079B /* Pods */ = {
			isa = PBXGroup;
			children = (
				E78530EE2627BBA2D35B5DE3 /* Pods-NavigationTest.debug.xcconfig */,
				B74594858C02DE979F1DFF5D /* Pods-NavigationTest.release.xcconfig */,
			);
			name = Pods;
			sourceTree = "<group>";
		};
/* End PBXGroup section */

/* Begin PBXNativeTarget section */
		FB2890B32090484900E5B984 /* NavigationTest */ = {
			isa = PBXNativeTarget;
			buildConfigurationList = FB2890C62090484900E5B984 /* Build configuration list for PBXNativeTarget "NavigationTest" */;
			buildPhases = (
				BFAA30B4EEBC00AFD0B81654 /* [CP] Check Pods Manifest.lock */,
				FB2890B02090484900E5B984 /* Sources */,
				FB2890B12090484900E5B984 /* Frameworks */,
				FB2890B22090484900E5B984 /* Resources */,
				96E61CF7FF4FC4978495D920 /* [CP] Embed Pods Frameworks */,
			);
			buildRules = (
			);
			dependencies = (
			);
			name = NavigationTest;
			productName = NavigationTest;
			productReference = FB2890B42090484900E5B984 /* NavigationTest.app */;
			productType = "com.apple.product-type.application";
		};
/* End PBXNativeTarget section */

/* Begin PBXProject section */
		FB2890AC2090484900E5B984 /* Project object */ = {
			isa = PBXProject;
			attributes = {
				LastSwiftUpdateCheck = 0920;
				LastUpgradeCheck = 0920;
				ORGANIZATIONNAME = "MF839-032";
				TargetAttributes = {
					FB2890B32090484900E5B984 = {
						CreatedOnToolsVersion = 9.2;
						ProvisioningStyle = Automatic;
					};
				};
			};
			buildConfigurationList = FB2890AF2090484900E5B984 /* Build configuration list for PBXProject "NavigationTest" */;
			compatibilityVersion = "Xcode 8.0";
			developmentRegion = en;
			hasScannedForEncodings = 0;
			knownRegions = (
				en,
				Base,
			);
			mainGroup = FB2890AB2090484900E5B984;
			productRefGroup = FB2890B52090484900E5B984 /* Products */;
			projectDirPath = "";
			projectRoot = "";
			targets = (
				FB2890B32090484900E5B984 /* NavigationTest */,
			);
		};
/* End PBXProject section */

/* Begin PBXResourcesBuildPhase section */
		FB2890B22090484900E5B984 /* Resources */ = {
			isa = PBXResourcesBuildPhase;
			buildActionMask = 2147483647;
			files = (
				FB2890C22090484900E5B984 /* LaunchScreen.storyboard in Resources */,
				FB2890BF2090484900E5B984 /* Assets.xcassets in Resources */,
				FB2890BD2090484900E5B984 /* Main.storyboard in Resources */,
			);
			runOnlyForDeploymentPostprocessing = 0;
		};
/* End PBXResourcesBuildPhase section */

/* Begin PBXShellScriptBuildPhase section */
		96E61CF7FF4FC4978495D920 /* [CP] Embed Pods Frameworks */ = {
			isa = PBXShellScriptBuildPhase;
			buildActionMask = 2147483647;
			files = (
			);
			inputPaths = (
				"${SRCROOT}/Pods/Target Support Files/Pods-NavigationTest/Pods-NavigationTest-frameworks.sh",
				"${BUILT_PRODUCTS_DIR}/Alamofire/Alamofire.framework",
				"${BUILT_PRODUCTS_DIR}/SwiftyJSON/SwiftyJSON.framework",
			);
			name = "[CP] Embed Pods Frameworks";
			outputPaths = (
				"${TARGET_BUILD_DIR}/${FRAMEWORKS_FOLDER_PATH}/Alamofire.framework",
				"${TARGET_BUILD_DIR}/${FRAMEWORKS_FOLDER_PATH}/SwiftyJSON.framework",
			);
			runOnlyForDeploymentPostprocessing = 0;
			shellPath = /bin/sh;
			shellScript = "\"${SRCROOT}/Pods/Target Support Files/Pods-NavigationTest/Pods-NavigationTest-frameworks.sh\"\n";
			showEnvVarsInLog = 0;
		};
		BFAA30B4EEBC00AFD0B81654 /* [CP] Check Pods Manifest.lock */ = {
			isa = PBXShellScriptBuildPhase;
			buildActionMask = 2147483647;
			files = (
			);
			inputPaths = (
				"${PODS_PODFILE_DIR_PATH}/Podfile.lock",
				"${PODS_ROOT}/Manifest.lock",
			);
			name = "[CP] Check Pods Manifest.lock";
			outputPaths = (
				"$(DERIVED_FILE_DIR)/Pods-NavigationTest-checkManifestLockResult.txt",
			);
			runOnlyForDeploymentPostprocessing = 0;
			shellPath = /bin/sh;
			shellScript = "diff \"${PODS_PODFILE_DIR_PATH}/Podfile.lock\" \"${PODS_ROOT}/Manifest.lock\" > /dev/null\nif [ $? != 0 ] ; then\n    # print error to STDERR\n    echo \"error: The sandbox is not in sync with the Podfile.lock. Run 'pod install' or update your CocoaPods installation.\" >&2\n    exit 1\nfi\n# This output is used by Xcode 'outputs' to avoid re-running this script phase.\necho \"SUCCESS\" > \"${SCRIPT_OUTPUT_FILE_0}\"\n";
			showEnvVarsInLog = 0;
		};
/* End PBXShellScriptBuildPhase section */

/* Begin PBXSourcesBuildPhase section */
		FB2890B02090484900E5B984 /* Sources */ = {
			isa = PBXSourcesBuildPhase;
			buildActionMask = 2147483647;
			files = (
				FB2890CE2090537500E5B984 /* ItemDetailViewController.swift in Sources */,
				FB2890CA20904E0900E5B984 /* UsedItem.swift in Sources */,
				FB2890BA2090484900E5B984 /* ViewController.swift in Sources */,
				FB2890CC2090509F00E5B984 /* ItemTableViewController.swift in Sources */,
				FB2890B82090484900E5B984 /* AppDelegate.swift in Sources */,
			);
			runOnlyForDeploymentPostprocessing = 0;
		};
/* End PBXSourcesBuildPhase section */

/* Begin PBXVariantGroup section */
		FB2890BB2090484900E5B984 /* Main.storyboard */ = {
			isa = PBXVariantGroup;
			children = (
				FB2890BC2090484900E5B984 /* Base */,
			);
			name = Main.storyboard;
			sourceTree = "<group>";
		};
		FB2890C02090484900E5B984 /* LaunchScreen.storyboard */ = {
			isa = PBXVariantGroup;
			children = (
				FB2890C12090484900E5B984 /* Base */,
			);
			name = LaunchScreen.storyboard;
			sourceTree = "<group>";
		};
/* End PBXVariantGroup section */

/* Begin XCBuildConfiguration section */
		FB2890C42090484900E5B984 /* Debug */ = {
			isa = XCBuildConfiguration;
			buildSettings = {
				ALWAYS_SEARCH_USER_PATHS = NO;
				CLANG_ANALYZER_NONNULL = YES;
				CLANG_ANALYZER_NUMBER_OBJECT_CONVERSION = YES_AGGRESSIVE;
				CLANG_CXX_LANGUAGE_STANDARD = "gnu++14";
				CLANG_CXX_LIBRARY = "libc++";
				CLANG_ENABLE_MODULES = YES;
				CLANG_ENABLE_OBJC_ARC = YES;
				CLANG_WARN_BLOCK_CAPTURE_AUTORELEASING = YES;
				CLANG_WARN_BOOL_CONVERSION = YES;
				CLANG_WARN_COMMA = YES;
				CLANG_WARN_CONSTANT_CONVERSION = YES;
				CLANG_WARN_DIRECT_OBJC_ISA_USAGE = YES_ERROR;
				CLANG_WARN_DOCUMENTATION_COMMENTS = YES;
				CLANG_WARN_EMPTY_BODY = YES;
				CLANG_WARN_ENUM_CONVERSION = YES;
				CLANG_WARN_INFINITE_RECURSION = YES;
				CLANG_WARN_INT_CONVERSION = YES;
				CLANG_WARN_NON_LITERAL_NULL_CONVERSION = YES;
				CLANG_WARN_OBJC_LITERAL_CONVERSION = YES;
				CLANG_WARN_OBJC_ROOT_CLASS = YES_ERROR;
				CLANG_WARN_RANGE_LOOP_ANALYSIS = YES;
				CLANG_WARN_STRICT_PROTOTYPES = YES;
				CLANG_WARN_SUSPICIOUS_MOVE = YES;
				CLANG_WARN_UNGUARDED_AVAILABILITY = YES_AGGRESSIVE;
				CLANG_WARN_UNREACHABLE_CODE = YES;
				CLANG_WARN__DUPLICATE_METHOD_MATCH = YES;
				CODE_SIGN_IDENTITY = "iPhone Developer";
				COPY_PHASE_STRIP = NO;
				DEBUG_INFORMATION_FORMAT = dwarf;
				ENABLE_STRICT_OBJC_MSGSEND = YES;
				ENABLE_TESTABILITY = YES;
				GCC_C_LANGUAGE_STANDARD = gnu11;
				GCC_DYNAMIC_NO_PIC = NO;
				GCC_NO_COMMON_BLOCKS = YES;
				GCC_OPTIMIZATION_LEVEL = 0;
				GCC_PREPROCESSOR_DEFINITIONS = (
					"DEBUG=1",
					"$(inherited)",
				);
				GCC_WARN_64_TO_32_BIT_CONVERSION = YES;
				GCC_WARN_ABOUT_RETURN_TYPE = YES_ERROR;
				GCC_WARN_UNDECLARED_SELECTOR = YES;
				GCC_WARN_UNINITIALIZED_AUTOS = YES_AGGRESSIVE;
				GCC_WARN_UNUSED_FUNCTION = YES;
				GCC_WARN_UNUSED_VARIABLE = YES;
				IPHONEOS_DEPLOYMENT_TARGET = 11.2;
				MTL_ENABLE_DEBUG_INFO = YES;
				ONLY_ACTIVE_ARCH = YES;
				SDKROOT = iphoneos;
				SWIFT_ACTIVE_COMPILATION_CONDITIONS = DEBUG;
				SWIFT_OPTIMIZATION_LEVEL = "-Onone";
			};
			name = Debug;
		};
		FB2890C52090484900E5B984 /* Release */ = {
			isa = XCBuildConfiguration;
			buildSettings = {
				ALWAYS_SEARCH_USER_PATHS = NO;
				CLANG_ANALYZER_NONNULL = YES;
				CLANG_ANALYZER_NUMBER_OBJECT_CONVERSION = YES_AGGRESSIVE;
				CLANG_CXX_LANGUAGE_STANDARD = "gnu++14";
				CLANG_CXX_LIBRARY = "libc++";
				CLANG_ENABLE_MODULES = YES;
				CLANG_ENABLE_OBJC_ARC = YES;
				CLANG_WARN_BLOCK_CAPTURE_AUTORELEASING = YES;
				CLANG_WARN_BOOL_CONVERSION = YES;
				CLANG_WARN_COMMA = YES;
				CLANG_WARN_CONSTANT_CONVERSION = YES;
				CLANG_WARN_DIRECT_OBJC_ISA_USAGE = YES_ERROR;
				CLANG_WARN_DOCUMENTATION_COMMENTS = YES;
				CLANG_WARN_EMPTY_BODY = YES;
				CLANG_WARN_ENUM_CONVERSION = YES;
				CLANG_WARN_INFINITE_RECURSION = YES;
				CLANG_WARN_INT_CONVERSION = YES;
				CLANG_WARN_NON_LITERAL_NULL_CONVERSION = YES;
				CLANG_WARN_OBJC_LITERAL_CONVERSION = YES;
				CLANG_WARN_OBJC_ROOT_CLASS = YES_ERROR;
				CLANG_WARN_RANGE_LOOP_ANALYSIS = YES;
				CLANG_WARN_STRICT_PROTOTYPES = YES;
				CLANG_WARN_SUSPICIOUS_MOVE = YES;
				CLANG_WARN_UNGUARDED_AVAILABILITY = YES_AGGRESSIVE;
				CLANG_WARN_UNREACHABLE_CODE = YES;
				CLANG_WARN__DUPLICATE_METHOD_MATCH = YES;
				CODE_SIGN_IDENTITY = "iPhone Developer";
				COPY_PHASE_STRIP = NO;
				DEBUG_INFORMATION_FORMAT = "dwarf-with-dsym";
				ENABLE_NS_ASSERTIONS = NO;
				ENABLE_STRICT_OBJC_MSGSEND = YES;
				GCC_C_LANGUAGE_STANDARD = gnu11;
				GCC_NO_COMMON_BLOCKS = YES;
				GCC_WARN_64_TO_32_BIT_CONVERSION = YES;
				GCC_WARN_ABOUT_RETURN_TYPE = YES_ERROR;
				GCC_WARN_UNDECLARED_SELECTOR = YES;
				GCC_WARN_UNINITIALIZED_AUTOS = YES_AGGRESSIVE;
				GCC_WARN_UNUSED_FUNCTION = YES;
				GCC_WARN_UNUSED_VARIABLE = YES;
				IPHONEOS_DEPLOYMENT_TARGET = 11.2;
				MTL_ENABLE_DEBUG_INFO = NO;
				SDKROOT = iphoneos;
				SWIFT_OPTIMIZATION_LEVEL = "-Owholemodule";
				VALIDATE_PRODUCT = YES;
			};
			name = Release;
		};
		FB2890C72090484900E5B984 /* Debug */ = {
			isa = XCBuildConfiguration;
			baseConfigurationReference = E78530EE2627BBA2D35B5DE3 /* Pods-NavigationTest.debug.xcconfig */;
			buildSettings = {
				ASSETCATALOG_COMPILER_APPICON_NAME = AppIcon;
				CODE_SIGN_STYLE = Automatic;
				INFOPLIST_FILE = NavigationTest/Info.plist;
				LD_RUNPATH_SEARCH_PATHS = "$(inherited) @executable_path/Frameworks";
				PRODUCT_BUNDLE_IDENTIFIER = in.nink.NavigationTest;
				PRODUCT_NAME = "$(TARGET_NAME)";
				SWIFT_VERSION = 4.0;
				TARGETED_DEVICE_FAMILY = "1,2";
			};
			name = Debug;
		};
		FB2890C82090484900E5B984 /* Release */ = {
			isa = XCBuildConfiguration;
			baseConfigurationReference = B74594858C02DE979F1DFF5D /* Pods-NavigationTest.release.xcconfig */;
			buildSettings = {
				ASSETCATALOG_COMPILER_APPICON_NAME = AppIcon;
				CODE_SIGN_STYLE = Automatic;
				INFOPLIST_FILE = NavigationTest/Info.plist;
				LD_RUNPATH_SEARCH_PATHS = "$(inherited) @executable_path/Frameworks";
				PRODUCT_BUNDLE_IDENTIFIER = in.nink.NavigationTest;
				PRODUCT_NAME = "$(TARGET_NAME)";
				SWIFT_VERSION = 4.0;
				TARGETED_DEVICE_FAMILY = "1,2";
			};
			name = Release;
		};
/* End XCBuildConfiguration section */

/* Begin XCConfigurationList section */
		FB2890AF2090484900E5B984 /* Build configuration list for PBXProject "NavigationTest" */ = {
			isa = XCConfigurationList;
			buildConfigurations = (
				FB2890C42090484900E5B984 /* Debug */,
				FB2890C52090484900E5B984 /* Release */,
			);
			defaultConfigurationIsVisible = 0;
			defaultConfigurationName = Release;
		};
		FB2890C62090484900E5B984 /* Build configuration list for PBXNativeTarget "NavigationTest" */ = {
			isa = XCConfigurationList;
			buildConfigurations = (
				FB2890C72090484900E5B984 /* Debug */,
				FB2890C82090484900E5B984 /* Release */,
			);
			defaultConfigurationIsVisible = 0;
			defaultConfigurationName = Release;
		};
/* End XCConfigurationList section */
	};
	rootObject = FB2890AC2090484900E5B984 /* Project object */;
}
